
Microsoft Visual Studio Solution File, Format Version 12.00
# Visual Studio Version 17
VisualStudioVersion = 17.3.32901.215
MinimumVisualStudioVersion = 10.0.40219.1
Project("{FAE04EC0-301F-11D3-BF4B-00C04F79EFBC}") = "Xor_Encode", "Xor_Encode.csproj", "{59656819-70B3-42D5-B0BA-A1724AFC5748}"
EndProject
Global
	GlobalSection(SolutionConfigurationPlatforms) = preSolution
		Debug|Any CPU = Debug|Any CPU
		Release|Any CPU = Release|Any CPU
	EndGlobalSection
	GlobalSection(ProjectConfigurationPlatforms) = postSolution
		{59656819-70B3-42D5-B0BA-A1724AFC5748}.Debug|Any CPU.ActiveCfg = Debug|Any CPU
		{59656819-70B3-42D5-B0BA-A1724AFC5748}.Debug|Any CPU.Build.0 = Debug|Any CPU
		{59656819-70B3-42D5-B0BA-A1724AFC5748}.Release|Any CPU.ActiveCfg = Release|Any CPU
		{59656819-70B3-42D5-B0BA-A1724AFC5748}.Release|Any CPU.Build.0 = Release|Any CPU
	EndGlobalSection
	GlobalSection(SolutionProperties) = preSolution
		HideSolutionNode = FALSE
	EndGlobalSection
	GlobalSection(ExtensibilityGlobals) = postSolution
		SolutionGuid = {E4362003-7357-4E3A-97A1-4F31E67DB962}
	EndGlobalSection
EndGlobal
